{
  "requires": true,
  "lockfileVersion": 1,
  "dependencies": {
    "@tailwindcss/forms": {
      "version": "0.5.3",
      "resolved": "https://registry.npmjs.org/@tailwindcss/forms/-/forms-0.5.3.tgz",
      "integrity": "sha512-y5mb86JUoiUgBjY/o6FJSFZSEttfb3Q5gllE4xoKjAAD+vBrnIhE4dViwUuow3va8mpH4s9jyUbUbrRGoRdc2Q==",
      "requires": {
        "mini-svg-data-uri": "^1.2.3"
      }
    },
    "mini-svg-data-uri": {
      "version": "1.4.4",
      "resolved": "https://registry.npmjs.org/mini-svg-data-uri/-/mini-svg-data-uri-1.4.4.tgz",
      "integrity": "sha512-r9deDe9p5FJUPZAk3A59wGH7Ii9YrjjWw0jmw/liSbHl2CHiyXj6FcDXDu2K3TjVAXqiJdaw3xxwlZZr9E6nHg=="
    },
    "react-hook-form": {
      "version": "7.37.0",
      "resolved": "https://registry.npmjs.org/react-hook-form/-/react-hook-form-7.37.0.tgz",
      "integrity": "sha512-6NFTxsnw+EXSpNNvLr5nFMjPdYKRryQcelTHg7zwBB6vAzfPIcZq4AExP4heVlwdzntepQgwiOQW4z7Mr99Lsg=="
    },
    "react-icons": {
      "version": "4.4.0",
      "resolved": "https://registry.npmjs.org/react-icons/-/react-icons-4.4.0.tgz",
      "integrity": "sha512-fSbvHeVYo/B5/L4VhB7sBA1i2tS8MkT0Hb9t2H1AVPkwGfVHLJCqyr2Py9dKMxsyM63Eng1GkdZfbWj+Fmv8Rg=="
    }
  }
}
